
Microsoft Visual Studio Solution File, Format Version 12.00
# Visual Studio 14
VisualStudioVersion = 14.0.25420.1
MinimumVisualStudioVersion = 10.0.40219.1
Project("{FAE04EC0-301F-11D3-BF4B-00C04F79EFBC}") = "Phone", "Phone\Phone.csproj", "{0DB9ED32-E10E-47F0-A497-C459CBAFC2AB}"
EndProject
Project("{FAE04EC0-301F-11D3-BF4B-00C04F79EFBC}") = "PhoneLibrary", "PhoneLibrary\PhoneLibrary.csproj", "{7466E671-D45B-439A-BDEF-C6D8F880561E}"
EndProject
Project("{FAE04EC0-301F-11D3-BF4B-00C04F79EFBC}") = "PhoneForm", "PhoneForm\PhoneForm.csproj", "{04E30543-C7A1-4661-AB61-917B66F20499}"
EndProject
Project("{FAE04EC0-301F-11D3-BF4B-00C04F79EFBC}") = "UnitTestProject", "UnitTestProject1\UnitTestProject.csproj", "{BF908F78-7B35-430E-BCE8-F72002AFD23A}"
EndProject
Global
	GlobalSection(SolutionConfigurationPlatforms) = preSolution
		Debug|Any CPU = Debug|Any CPU
		Release|Any CPU = Release|Any CPU
	EndGlobalSection
	GlobalSection(ProjectConfigurationPlatforms) = postSolution
		{0DB9ED32-E10E-47F0-A497-C459CBAFC2AB}.Debug|Any CPU.ActiveCfg = Debug|Any CPU
		{0DB9ED32-E10E-47F0-A497-C459CBAFC2AB}.Debug|Any CPU.Build.0 = Debug|Any CPU
		{0DB9ED32-E10E-47F0-A497-C459CBAFC2AB}.Release|Any CPU.ActiveCfg = Release|Any CPU
		{0DB9ED32-E10E-47F0-A497-C459CBAFC2AB}.Release|Any CPU.Build.0 = Release|Any CPU
		{7466E671-D45B-439A-BDEF-C6D8F880561E}.Debug|Any CPU.ActiveCfg = Debug|Any CPU
		{7466E671-D45B-439A-BDEF-C6D8F880561E}.Debug|Any CPU.Build.0 = Debug|Any CPU
		{7466E671-D45B-439A-BDEF-C6D8F880561E}.Release|Any CPU.ActiveCfg = Release|Any CPU
		{7466E671-D45B-439A-BDEF-C6D8F880561E}.Release|Any CPU.Build.0 = Release|Any CPU
		{04E30543-C7A1-4661-AB61-917B66F20499}.Debug|Any CPU.ActiveCfg = Debug|Any CPU
		{04E30543-C7A1-4661-AB61-917B66F20499}.Debug|Any CPU.Build.0 = Debug|Any CPU
		{04E30543-C7A1-4661-AB61-917B66F20499}.Release|Any CPU.ActiveCfg = Release|Any CPU
		{04E30543-C7A1-4661-AB61-917B66F20499}.Release|Any CPU.Build.0 = Release|Any CPU
		{BF908F78-7B35-430E-BCE8-F72002AFD23A}.Debug|Any CPU.ActiveCfg = Debug|Any CPU
		{BF908F78-7B35-430E-BCE8-F72002AFD23A}.Debug|Any CPU.Build.0 = Debug|Any CPU
		{BF908F78-7B35-430E-BCE8-F72002AFD23A}.Release|Any CPU.ActiveCfg = Release|Any CPU
		{BF908F78-7B35-430E-BCE8-F72002AFD23A}.Release|Any CPU.Build.0 = Release|Any CPU
	EndGlobalSection
	GlobalSection(SolutionProperties) = preSolution
		HideSolutionNode = FALSE
	EndGlobalSection
EndGlobal
